
Microsoft Visual Studio Solution File, Format Version 12.00
# Visual Studio Version 16
VisualStudioVersion = 16.0.30523.141
MinimumVisualStudioVersion = 10.0.40219.1
Project("{FAE04EC0-301F-11D3-BF4B-00C04F79EFBC}") = "MYBUSINESS", "MYBUSINESS\MYBUSINESS.csproj", "{B350872A-EFD6-453C-A183-BFF56C8A328C}"
EndProject
Global
	GlobalSection(SolutionConfigurationPlatforms) = preSolution
		Debug|Any CPU = Debug|Any CPU
		Debug|x86 = Debug|x86
		Release|Any CPU = Release|Any CPU
		Release|x86 = Release|x86
	EndGlobalSection
	GlobalSection(ProjectConfigurationPlatforms) = postSolution
		{B350872A-EFD6-453C-A183-BFF56C8A328C}.Debug|Any CPU.ActiveCfg = Debug|Any CPU
		{B350872A-EFD6-453C-A183-BFF56C8A328C}.Debug|Any CPU.Build.0 = Debug|Any CPU
		{B350872A-EFD6-453C-A183-BFF56C8A328C}.Debug|x86.ActiveCfg = Debug|Any CPU
		{B350872A-EFD6-453C-A183-BFF56C8A328C}.Debug|x86.Build.0 = Debug|Any CPU
		{B350872A-EFD6-453C-A183-BFF56C8A328C}.Release|Any CPU.ActiveCfg = Release|Any CPU
		{B350872A-EFD6-453C-A183-BFF56C8A328C}.Release|Any CPU.Build.0 = Release|Any CPU
		{B350872A-EFD6-453C-A183-BFF56C8A328C}.Release|x86.ActiveCfg = Release|x86
		{B350872A-EFD6-453C-A183-BFF56C8A328C}.Release|x86.Build.0 = Release|x86
	EndGlobalSection
	GlobalSection(SolutionProperties) = preSolution
		HideSolutionNode = FALSE
	EndGlobalSection
	GlobalSection(ExtensibilityGlobals) = postSolution
		SolutionGuid = {63BEB908-2A09-4C2E-80B9-5D6947C1EED9}
	EndGlobalSection
EndGlobal
